
Microsoft Visual Studio Solution File, Format Version 12.00
# Visual Studio Version 17
VisualStudioVersion = 17.9.34723.18
MinimumVisualStudioVersion = 10.0.40219.1
Project("{FAE04EC0-301F-11D3-BF4B-00C04F79EFBC}") = "mainclass", "mainclass\mainclass.csproj", "{979D089B-C0B0-4A5E-ACA1-56D7186CC7AC}"
EndProject
Project("{FAE04EC0-301F-11D3-BF4B-00C04F79EFBC}") = "ClassLibrary1", "ClassLibrary1\ClassLibrary1.csproj", "{F5467E63-04DB-4D94-9996-137477611E99}"
EndProject
Global
	GlobalSection(SolutionConfigurationPlatforms) = preSolution
		Debug|Any CPU = Debug|Any CPU
		Release|Any CPU = Release|Any CPU
	EndGlobalSection
	GlobalSection(ProjectConfigurationPlatforms) = postSolution
		{979D089B-C0B0-4A5E-ACA1-56D7186CC7AC}.Debug|Any CPU.ActiveCfg = Debug|Any CPU
		{979D089B-C0B0-4A5E-ACA1-56D7186CC7AC}.Debug|Any CPU.Build.0 = Debug|Any CPU
		{979D089B-C0B0-4A5E-ACA1-56D7186CC7AC}.Release|Any CPU.ActiveCfg = Release|Any CPU
		{979D089B-C0B0-4A5E-ACA1-56D7186CC7AC}.Release|Any CPU.Build.0 = Release|Any CPU
		{F5467E63-04DB-4D94-9996-137477611E99}.Debug|Any CPU.ActiveCfg = Debug|Any CPU
		{F5467E63-04DB-4D94-9996-137477611E99}.Debug|Any CPU.Build.0 = Debug|Any CPU
		{F5467E63-04DB-4D94-9996-137477611E99}.Release|Any CPU.ActiveCfg = Release|Any CPU
		{F5467E63-04DB-4D94-9996-137477611E99}.Release|Any CPU.Build.0 = Release|Any CPU
	EndGlobalSection
	GlobalSection(SolutionProperties) = preSolution
		HideSolutionNode = FALSE
	EndGlobalSection
	GlobalSection(ExtensibilityGlobals) = postSolution
		SolutionGuid = {8BF5EDC3-83A5-4F51-B9A4-CC7B6214ADCF}
	EndGlobalSection
EndGlobal
